
Microsoft Visual Studio Solution File, Format Version 11.00
# Visual Studio 2010
Project("{8BC9CEB8-8B4A-11D0-8D11-00A0C91BC942}") = "Route", "Route\Route.vcxproj", "{E0DF961A-996C-4642-BEB7-CE5FCC70557E}"
EndProject
Global
	GlobalSection(SolutionConfigurationPlatforms) = preSolution
		Debug|Win32 = Debug|Win32
		Release|Win32 = Release|Win32
	EndGlobalSection
	GlobalSection(ProjectConfigurationPlatforms) = postSolution
		{E0DF961A-996C-4642-BEB7-CE5FCC70557E}.Debug|Win32.ActiveCfg = Debug|Win32
		{E0DF961A-996C-4642-BEB7-CE5FCC70557E}.Debug|Win32.Build.0 = Debug|Win32
		{E0DF961A-996C-4642-BEB7-CE5FCC70557E}.Release|Win32.ActiveCfg = Release|Win32
		{E0DF961A-996C-4642-BEB7-CE5FCC70557E}.Release|Win32.Build.0 = Release|Win32
	EndGlobalSection
	GlobalSection(SolutionProperties) = preSolution
		HideSolutionNode = FALSE
	EndGlobalSection
EndGlobal
